<?xml version="1.0" encoding="utf-8"?>
<Project ToolsVersion="4.0" xmlns="http://schemas.microsoft.com/developer/msbuild/2003">
  <ItemGroup>
    <Filter Include="Header Files">
      <UniqueIdentifier>{93995380-89BD-4b04-88EB-625FBE52EBFB}</UniqueIdentifier>
      <Extensions>h;hh;hpp;hxx;h++;hm;inl;inc;ipp;xsd</Extensions>
    </Filter>
    <Filter Include="Source">
      <UniqueIdentifier>{4FC737F1-C7A5-4376-A066-2A32D752A2FF}</UniqueIdentifier>
      <Extensions>cpp;c;cc;cxx;c++;cppm;ixx;def;odl;idl;hpj;bat;asm;asmx</Extensions>
    </Filter>
    <Filter Include="Resources">
      <UniqueIdentifier>{67DA6AB6-F800-4c08-8B7A-83BB121AAD01}</UniqueIdentifier>
      <Extensions>rc;ico;cur;bmp;dlg;rc2;rct;bin;rgs;gif;jpg;jpeg;jpe;resx;tiff;tif;png;wav;mfcribbon-ms</Extensions>
    </Filter>
    <Filter Include="Source\Math">
      <UniqueIdentifier>{2031cfd1-1365-4cd0-9cf5-8645bf76dea5}</UniqueIdentifier>
    </Filter>
    <Filter Include="Source\Core">
      <UniqueIdentifier>{75949620-e693-48de-8b3e-de33362c77da}</UniqueIdentifier>
    </Filter>
    <Filter Include="Source\Renderer">
      <UniqueIdentifier>{13f3404c-b91c-4494-8326-161107ccf32a}</UniqueIdentifier>
    </Filter>
    <Filter Include="Source\Input">
      <UniqueIdentifier>{a3b9b438-5232-4265-93b0-cc4bfa3bfd7c}</UniqueIdentifier>
    </Filter>
    <Filter Include="Source\FrameWork">
      <UniqueIdentifier>{25de8767-d978-4648-8695-89ce70866c31}</UniqueIdentifier>
    </Filter>
    <Filter Include="Audio">
      <UniqueIdentifier>{4bf8e89c-1fb4-4c1d-ad8a-830471f680b3}</UniqueIdentifier>
    </Filter>
    <Filter Include="Source\Component">
      <UniqueIdentifier>{12d40192-d005-4f1f-a3e4-0cd953dcd1f9}</UniqueIdentifier>
    </Filter>
    <Filter Include="Source\Resource">
      <UniqueIdentifier>{b4078864-b74b-44e3-a4f4-20b61655e5a5}</UniqueIdentifier>
    </Filter>
    <Filter Include="Source\Serialization">
      <UniqueIdentifier>{5a4f0499-e5b1-43a3-8ba2-9d71c27c1f40}</UniqueIdentifier>
    </Filter>
    <Filter Include="Source\Physic">
      <UniqueIdentifier>{6ceaed7c-9208-4df8-af47-9d87cbf3a03d}</UniqueIdentifier>
    </Filter>
  </ItemGroup>
  <ItemGroup>
    <ClCompile Include="Math\MathUtils.cpp">
      <Filter>Source\Math</Filter>
    </ClCompile>
    <ClCompile Include="Renderer\Renderer.cpp">
      <Filter>Source\Renderer</Filter>
    </ClCompile>
    <ClCompile Include="Core\Memory.cpp">
      <Filter>Source\Core</Filter>
    </ClCompile>
    <ClCompile Include="Input\InputSystem.cpp">
      <Filter>Source\Input</Filter>
    </ClCompile>
    <ClCompile Include="Renderer\Model.cpp">
      <Filter>Source\Renderer</Filter>
    </ClCompile>
    <ClCompile Include="Core\File.cpp">
      <Filter>Source\Core</Filter>
    </ClCompile>
    <ClCompile Include="FrameWork\Actor.cpp">
      <Filter>Source\FrameWork</Filter>
    </ClCompile>
    <ClCompile Include="Engine.cpp">
      <Filter>Source</Filter>
    </ClCompile>
    <ClCompile Include="FrameWork\Scene.cpp">
      <Filter>Source\FrameWork</Filter>
    </ClCompile>
    <ClCompile Include="Core\Time.cpp">
      <Filter>Source\Core</Filter>
    </ClCompile>
    <ClCompile Include="Audio\AudioSystems.cpp">
      <Filter>Audio</Filter>
    </ClCompile>
    <ClCompile Include="Renderer\Font.cpp">
      <Filter>Source\Renderer</Filter>
    </ClCompile>
    <ClCompile Include="Renderer\Text.cpp">
      <Filter>Source\Renderer</Filter>
    </ClCompile>
    <ClCompile Include="Renderer\Texture.cpp">
      <Filter>Source\Renderer</Filter>
    </ClCompile>
    <ClCompile Include="Logger.cpp">
      <Filter>Source\Core</Filter>
    </ClCompile>
    <ClCompile Include="Math\Vector2.cpp">
      <Filter>Source\Math</Filter>
    </ClCompile>
    <ClCompile Include="Math\Color.cpp">
      <Filter>Source\Math</Filter>
    </ClCompile>
    <ClCompile Include="Components\PlayerComponents.cpp">
      <Filter>Source\Component</Filter>
    </ClCompile>
    <ClCompile Include="Components\SpriteComponent.cpp">
      <Filter>Source\Component</Filter>
    </ClCompile>
    <ClCompile Include="Component\AudioComponents.cpp">
      <Filter>Source\Component</Filter>
    </ClCompile>
    <ClCompile Include="Component\Physic Component.cpp">
      <Filter>Source\Component</Filter>
    </ClCompile>
    <ClCompile Include="Math\Matrix2x2.cpp">
      <Filter>Source\Math</Filter>
    </ClCompile>
    <ClCompile Include="Math\Matrix3x3.cpp">
      <Filter>Source\Math</Filter>
    </ClCompile>
    <ClCompile Include="Component\ModelComponent.cpp">
      <Filter>Source\Component</Filter>
    </ClCompile>
    <ClCompile Include="Resource\ResourceManager.cpp">
      <Filter>Source\Resource</Filter>
    </ClCompile>
    <ClCompile Include="Serialization\JSON.cpp">
      <Filter>Source\Serialization</Filter>
    </ClCompile>
    <ClCompile Include="Math\Transform.cpp">
      <Filter>Source\Math</Filter>
    </ClCompile>
    <ClCompile Include="Components\RenderComponent.cpp">
      <Filter>Source</Filter>
    </ClCompile>
    <ClCompile Include="Component\SpriteAnimComponent.cpp">
      <Filter>Source\Component</Filter>
    </ClCompile>
    <ClCompile Include="Physic\PhysicsSystem.cpp">
      <Filter>Source\Physic</Filter>
    </ClCompile>
    <ClCompile Include="Component\RBPhysicsComponent.cpp">
      <Filter>Source\Component</Filter>
    </ClCompile>
    <ClCompile Include="Component\CollisionComponent.cpp">
      <Filter>Source\Component</Filter>
    </ClCompile>
    <ClCompile Include="Audio\AudioChannel.cpp">
      <Filter>Audio</Filter>
    </ClCompile>
    <ClCompile Include="Physic\ContactListener.cpp">
      <Filter>Source\Physic</Filter>
    </ClCompile>
    <ClCompile Include="Component\TilemapComponent.cpp">
      <Filter>Source\Component</Filter>
    </ClCompile>
    <ClCompile Include="FrameWork\EventManager.cpp">
      <Filter>Source\FrameWork</Filter>
    </ClCompile>
  </ItemGroup>
  <ItemGroup>
    <ClInclude Include="Math\MathUtils.h">
      <Filter>Source\Math</Filter>
    </ClInclude>
    <ClInclude Include="Core\Memory.h">
      <Filter>Source\Core</Filter>
    </ClInclude>
    <ClInclude Include="Renderer\Renderer.h">
      <Filter>Source\Renderer</Filter>
    </ClInclude>
    <ClInclude Include="Math\Random.h">
      <Filter>Source\Math</Filter>
    </ClInclude>
    <ClInclude Include="Math\Vector2.h">
      <Filter>Source\Math</Filter>
    </ClInclude>
    <ClInclude Include="Math\Color.h">
      <Filter>Source\Math</Filter>
    </ClInclude>
    <ClInclude Include="Input\InputSystem.h">
      <Filter>Source\Input</Filter>
    </ClInclude>
    <ClInclude Include="Renderer\Model.h">
      <Filter>Source\Renderer</Filter>
    </ClInclude>
    <ClInclude Include="Core\File.h">
      <Filter>Source\Core</Filter>
    </ClInclude>
    <ClInclude Include="FrameWork\GameObject.h">
      <Filter>Source\FrameWork</Filter>
    </ClInclude>
    <ClInclude Include="Math\Transform.h">
      <Filter>Source\Math</Filter>
    </ClInclude>
    <ClInclude Include="FrameWork\Actor.h">
      <Filter>Source\FrameWork</Filter>
    </ClInclude>
    <ClInclude Include="Engine.h">
      <Filter>Source</Filter>
    </ClInclude>
    <ClInclude Include="Core\Time.h">
      <Filter>Source\Core</Filter>
    </ClInclude>
    <ClInclude Include="FrameWork\Scene.h">
      <Filter>Source\FrameWork</Filter>
    </ClInclude>
    <ClInclude Include="Audio\AudioSystems.h">
      <Filter>Audio</Filter>
    </ClInclude>
    <ClInclude Include="Renderer\Font.h">
      <Filter>Source\Renderer</Filter>
    </ClInclude>
    <ClInclude Include="Renderer\Text.h">
      <Filter>Source\Renderer</Filter>
    </ClInclude>
    <ClInclude Include="Framework\Game.h">
      <Filter>Source\FrameWork</Filter>
    </ClInclude>
    <ClInclude Include="Renderer\Texture.h">
      <Filter>Source\Renderer</Filter>
    </ClInclude>
    <ClInclude Include="Logger.h">
      <Filter>Source\Core</Filter>
    </ClInclude>
    <ClInclude Include="Framework\Component.h">
      <Filter>Source\FrameWork</Filter>
    </ClInclude>
    <ClInclude Include="Components\PlayerComponents.h">
      <Filter>Source\Component</Filter>
    </ClInclude>
    <ClInclude Include="Components\RenderComponent.h">
      <Filter>Source\Component</Filter>
    </ClInclude>
    <ClInclude Include="Components\SpriteComponent.h">
      <Filter>Source\Component</Filter>
    </ClInclude>
    <ClInclude Include="Component\Physic Component.h">
      <Filter>Source\Component</Filter>
    </ClInclude>
    <ClInclude Include="Component\AudioComponents.h">
      <Filter>Source\Component</Filter>
    </ClInclude>
    <ClInclude Include="Math\Matrix2x2.h">
      <Filter>Source\Math</Filter>
    </ClInclude>
    <ClInclude Include="Math\Vector3.h">
      <Filter>Source\Math</Filter>
    </ClInclude>
    <ClInclude Include="Math\Matrix3x3.h">
      <Filter>Source\Math</Filter>
    </ClInclude>
    <ClInclude Include="Component\ModelComponent.h">
      <Filter>Source\Component</Filter>
    </ClInclude>
    <ClInclude Include="Resource\Resource.h">
      <Filter>Source\Resource</Filter>
    </ClInclude>
    <ClInclude Include="Resource\ResourceManager.h">
      <Filter>Source\Resource</Filter>
    </ClInclude>
    <ClInclude Include="FrameWork\Singleton.h">
      <Filter>Source\FrameWork</Filter>
    </ClInclude>
    <ClInclude Include="FrameWork\Factory.h">
      <Filter>Source\FrameWork</Filter>
    </ClInclude>
    <ClInclude Include="Serialization\JSON.h">
      <Filter>Source\Serialization</Filter>
    </ClInclude>
    <ClInclude Include="Serialization\Serializable.h">
      <Filter>Source\Serialization</Filter>
    </ClInclude>
    <ClInclude Include="Math\Rect.h">
      <Filter>Source\Math</Filter>
    </ClInclude>
    <ClInclude Include="Component\SpriteAnimComponent.h">
      <Filter>Source\Component</Filter>
    </ClInclude>
    <ClInclude Include="Physic\PhysicsSystem.h">
      <Filter>Source\Physic</Filter>
    </ClInclude>
    <ClInclude Include="Component\RBPhysicsComponent.h">
      <Filter>Source\Component</Filter>
    </ClInclude>
    <ClInclude Include="Physic\Collision.h">
      <Filter>Source\Physic</Filter>
    </ClInclude>
    <ClInclude Include="Component\CollisionComponent.h">
      <Filter>Source\Component</Filter>
    </ClInclude>
    <ClInclude Include="Audio\AudioChannel.h">
      <Filter>Audio</Filter>
    </ClInclude>
    <ClInclude Include="Physic\ContactListener.h">
      <Filter>Source\Physic</Filter>
    </ClInclude>
    <ClInclude Include="Component\TilemapComponent.h">
      <Filter>Source\Component</Filter>
    </ClInclude>
    <ClInclude Include="FrameWork\Event.h">
      <Filter>Source\FrameWork</Filter>
    </ClInclude>
    <ClInclude Include="FrameWork\EventManager.h">
      <Filter>Source\FrameWork</Filter>
    </ClInclude>
  </ItemGroup>
  <ItemGroup>
    <Text Include="..\Build\Assets\Bullet.txt">
      <Filter>Resources</Filter>
    </Text>
    <Text Include="..\Build\Assets\Enemy.txt">
      <Filter>Resources</Filter>
    </Text>
    <Text Include="..\Build\Assets\Player.txt">
      <Filter>Resources</Filter>
    </Text>
    <Text Include="..\Build\Assets\Fire.txt">
      <Filter>Resources</Filter>
    </Text>
    <Text Include="..\Build\Assets\Scenes\level.txt">
      <Filter>Resources</Filter>
    </Text>
    <Text Include="..\Build\Assets\Scenes\prefabs.txt">
      <Filter>Resources</Filter>
    </Text>
    <Text Include="..\Build\Assets\Scenes\Tilemap.txt">
      <Filter>Resources</Filter>
    </Text>
  </ItemGroup>
</Project>